PODS:
  - CameraManager (4.3.0)
  - OpenCV (3.4.2)
  - TesseractOCRSDKiOS (4.0.2)

DEPENDENCIES:
  - CameraManager (~> 4.0)
  - OpenCV
  - TesseractOCRSDKiOS

SPEC REPOS:
  https://github.com/cocoapods/specs.git:
    - CameraManager
    - OpenCV
    - TesseractOCRSDKiOS

SPEC CHECKSUMS:
  CameraManager: 607b60ad5c84bfa481ebf82eb4cd77a8d1f0bc39
  OpenCV: 452909747854c92e0f59670961ed5131f5286cb5
  TesseractOCRSDKiOS: 5124816fe04de75f4d7ce91eb8b2bb5096aa6519

PODFILE CHECKSUM: c6fb9308ef59213afe11e0e0d92ab3397d732ead

COCOAPODS: 1.5.3
