// !$*UTF8*$!
{
	archiveVersion = 1;
	classes = {
	};
	objectVersion = 50;
	objects = {

/* Begin PBXBuildFile section */
		5D73C98B5DCFF6D430106303 /* Pods_EatSafe.framework in Frameworks */ = {isa = PBXBuildFile; fileRef = 7396C316135879B8B3B0CD90 /* Pods_EatSafe.framework */; };
		8C6C515021B399B500DCFF36 /* OCR_data in Resources */ = {isa = PBXBuildFile; fileRef = 8C6C514F21B399B500DCFF36 /* OCR_data */; };
		8C6C518121B3A14A00DCFF36 /* tessdata in Resources */ = {isa = PBXBuildFile; fileRef = 8C6C518021B3A14A00DCFF36 /* tessdata */; };
		8C6C518621B3C76200DCFF36 /* OpenCVWrapper.mm in Sources */ = {isa = PBXBuildFile; fileRef = 8C6C518521B3C76200DCFF36 /* OpenCVWrapper.mm */; };
		D84AE44E21B2F2DB00BE90E1 /* AppDelegate.swift in Sources */ = {isa = PBXBuildFile; fileRef = D84AE44D21B2F2DB00BE90E1 /* AppDelegate.swift */; };
		D84AE45021B2F2DB00BE90E1 /* ViewController.swift in Sources */ = {isa = PBXBuildFile; fileRef = D84AE44F21B2F2DB00BE90E1 /* ViewController.swift */; };
		D84AE45321B2F2DB00BE90E1 /* Main.storyboard in Resources */ = {isa = PBXBuildFile; fileRef = D84AE45121B2F2DB00BE90E1 /* Main.storyboard */; };
		D84AE45521B2F2DE00BE90E1 /* Assets.xcassets in Resources */ = {isa = PBXBuildFile; fileRef = D84AE45421B2F2DE00BE90E1 /* Assets.xcassets */; };
		D84AE45821B2F2DE00BE90E1 /* LaunchScreen.storyboard in Resources */ = {isa = PBXBuildFile; fileRef = D84AE45621B2F2DE00BE90E1 /* LaunchScreen.storyboard */; };
		D8EFD2C021B36D85006279B7 /* OCR.swift in Sources */ = {isa = PBXBuildFile; fileRef = D8EFD2BF21B36D85006279B7 /* OCR.swift */; };
		D8EFD2C521B3BA39006279B7 /* HealthKit.framework in Frameworks */ = {isa = PBXBuildFile; fileRef = D8EFD2C421B3BA39006279B7 /* HealthKit.framework */; };
/* End PBXBuildFile section */

/* Begin PBXFileReference section */
		65FAB44D160A1582930FDB2F /* Pods-EatSafe.debug.xcconfig */ = {isa = PBXFileReference; includeInIndex = 1; lastKnownFileType = text.xcconfig; name = "Pods-EatSafe.debug.xcconfig"; path = "Pods/Target Support Files/Pods-EatSafe/Pods-EatSafe.debug.xcconfig"; sourceTree = "<group>"; };
		7396C316135879B8B3B0CD90 /* Pods_EatSafe.framework */ = {isa = PBXFileReference; explicitFileType = wrapper.framework; includeInIndex = 0; path = Pods_EatSafe.framework; sourceTree = BUILT_PRODUCTS_DIR; };
		8C6C514F21B399B500DCFF36 /* OCR_data */ = {isa = PBXFileReference; lastKnownFileType = folder; path = OCR_data; sourceTree = "<group>"; };
		8C6C518021B3A14A00DCFF36 /* tessdata */ = {isa = PBXFileReference; lastKnownFileType = folder; path = tessdata; sourceTree = "<group>"; };
		8C6C518321B3C76200DCFF36 /* EatSafe-Bridging-Header.h */ = {isa = PBXFileReference; lastKnownFileType = sourcecode.c.h; path = "EatSafe-Bridging-Header.h"; sourceTree = "<group>"; };
		8C6C518421B3C76200DCFF36 /* OpenCVWrapper.h */ = {isa = PBXFileReference; lastKnownFileType = sourcecode.c.h; path = OpenCVWrapper.h; sourceTree = "<group>"; };
		8C6C518521B3C76200DCFF36 /* OpenCVWrapper.mm */ = {isa = PBXFileReference; lastKnownFileType = sourcecode.cpp.objcpp; path = OpenCVWrapper.mm; sourceTree = "<group>"; };
		D4A7519702174CE48DFBB74C /* Pods-EatSafe.release.xcconfig */ = {isa = PBXFileReference; includeInIndex = 1; lastKnownFileType = text.xcconfig; name = "Pods-EatSafe.release.xcconfig"; path = "Pods/Target Support Files/Pods-EatSafe/Pods-EatSafe.release.xcconfig"; sourceTree = "<group>"; };
		D84AE44A21B2F2DB00BE90E1 /* EatSafe.app */ = {isa = PBXFileReference; explicitFileType = wrapper.application; includeInIndex = 0; path = EatSafe.app; sourceTree = BUILT_PRODUCTS_DIR; };
		D84AE44D21B2F2DB00BE90E1 /* AppDelegate.swift */ = {isa = PBXFileReference; lastKnownFileType = sourcecode.swift; path = AppDelegate.swift; sourceTree = "<group>"; };
		D84AE44F21B2F2DB00BE90E1 /* ViewController.swift */ = {isa = PBXFileReference; lastKnownFileType = sourcecode.swift; path = ViewController.swift; sourceTree = "<group>"; };
		D84AE45221B2F2DB00BE90E1 /* Base */ = {isa = PBXFileReference; lastKnownFileType = file.storyboard; name = Base; path = Base.lproj/Main.storyboard; sourceTree = "<group>"; };
		D84AE45421B2F2DE00BE90E1 /* Assets.xcassets */ = {isa = PBXFileReference; lastKnownFileType = folder.assetcatalog; path = Assets.xcassets; sourceTree = "<group>"; };
		D84AE45721B2F2DE00BE90E1 /* Base */ = {isa = PBXFileReference; lastKnownFileType = file.storyboard; name = Base; path = Base.lproj/LaunchScreen.storyboard; sourceTree = "<group>"; };
		D84AE45921B2F2DE00BE90E1 /* Info.plist */ = {isa = PBXFileReference; lastKnownFileType = text.plist.xml; path = Info.plist; sourceTree = "<group>"; };
		D8EFD2BF21B36D85006279B7 /* OCR.swift */ = {isa = PBXFileReference; fileEncoding = 4; lastKnownFileType = sourcecode.swift; path = OCR.swift; sourceTree = "<group>"; };
		D8EFD2C321B3BA39006279B7 /* EatSafe.entitlements */ = {isa = PBXFileReference; lastKnownFileType = text.plist.entitlements; path = EatSafe.entitlements; sourceTree = "<group>"; };
		D8EFD2C421B3BA39006279B7 /* HealthKit.framework */ = {isa = PBXFileReference; lastKnownFileType = wrapper.framework; name = HealthKit.framework; path = System/Library/Frameworks/HealthKit.framework; sourceTree = SDKROOT; };
/* End PBXFileReference section */

/* Begin PBXFrameworksBuildPhase section */
		D84AE44721B2F2DB00BE90E1 /* Frameworks */ = {
			isa = PBXFrameworksBuildPhase;
			buildActionMask = 2147483647;
			files = (
				5D73C98B5DCFF6D430106303 /* Pods_EatSafe.framework in Frameworks */,
				D8EFD2C521B3BA39006279B7 /* HealthKit.framework in Frameworks */,
			);
			runOnlyForDeploymentPostprocessing = 0;
		};
/* End PBXFrameworksBuildPhase section */

/* Begin PBXGroup section */
		33F0A2C681118F483008246C /* Frameworks */ = {
			isa = PBXGroup;
			children = (
				D8EFD2C421B3BA39006279B7 /* HealthKit.framework */,
				7396C316135879B8B3B0CD90 /* Pods_EatSafe.framework */,
			);
			name = Frameworks;
			sourceTree = "<group>";
		};
		8C6C518221B3C71100DCFF36 /* Wrappers */ = {
			isa = PBXGroup;
			children = (
				8C6C518421B3C76200DCFF36 /* OpenCVWrapper.h */,
				8C6C518521B3C76200DCFF36 /* OpenCVWrapper.mm */,
				8C6C518321B3C76200DCFF36 /* EatSafe-Bridging-Header.h */,
			);
			path = Wrappers;
			sourceTree = "<group>";
		};
		D84AE44121B2F2DB00BE90E1 = {
			isa = PBXGroup;
			children = (
				8C6C518221B3C71100DCFF36 /* Wrappers */,
				8C6C518021B3A14A00DCFF36 /* tessdata */,
				D84AE44C21B2F2DB00BE90E1 /* EatSafe */,
				D84AE44B21B2F2DB00BE90E1 /* Products */,
				DAB64BB26DD036BEAC664357 /* Pods */,
				33F0A2C681118F483008246C /* Frameworks */,
			);
			sourceTree = "<group>";
		};
		D84AE44B21B2F2DB00BE90E1 /* Products */ = {
			isa = PBXGroup;
			children = (
				D84AE44A21B2F2DB00BE90E1 /* EatSafe.app */,
			);
			name = Products;
			sourceTree = "<group>";
		};
		D84AE44C21B2F2DB00BE90E1 /* EatSafe */ = {
			isa = PBXGroup;
			children = (
				D8EFD2C321B3BA39006279B7 /* EatSafe.entitlements */,
				D84AE44D21B2F2DB00BE90E1 /* AppDelegate.swift */,
				D84AE44F21B2F2DB00BE90E1 /* ViewController.swift */,
				8C6C514F21B399B500DCFF36 /* OCR_data */,
				D8EFD2BF21B36D85006279B7 /* OCR.swift */,
				D84AE45121B2F2DB00BE90E1 /* Main.storyboard */,
				D84AE45421B2F2DE00BE90E1 /* Assets.xcassets */,
				D84AE45621B2F2DE00BE90E1 /* LaunchScreen.storyboard */,
				D84AE45921B2F2DE00BE90E1 /* Info.plist */,
			);
			path = EatSafe;
			sourceTree = "<group>";
		};
		DAB64BB26DD036BEAC664357 /* Pods */ = {
			isa = PBXGroup;
			children = (
				65FAB44D160A1582930FDB2F /* Pods-EatSafe.debug.xcconfig */,
				D4A7519702174CE48DFBB74C /* Pods-EatSafe.release.xcconfig */,
			);
			name = Pods;
			sourceTree = "<group>";
		};
/* End PBXGroup section */

/* Begin PBXNativeTarget section */
		D84AE44921B2F2DB00BE90E1 /* EatSafe */ = {
			isa = PBXNativeTarget;
			buildConfigurationList = D84AE45C21B2F2DE00BE90E1 /* Build configuration list for PBXNativeTarget "EatSafe" */;
			buildPhases = (
				D67267D36610F403AC1B0947 /* [CP] Check Pods Manifest.lock */,
				D84AE44621B2F2DB00BE90E1 /* Sources */,
				D84AE44721B2F2DB00BE90E1 /* Frameworks */,
				D84AE44821B2F2DB00BE90E1 /* Resources */,
				1EF2DF4B7D14B122D8DAE92D /* [CP] Embed Pods Frameworks */,
			);
			buildRules = (
			);
			dependencies = (
			);
			name = EatSafe;
			productName = EatSafe;
			productReference = D84AE44A21B2F2DB00BE90E1 /* EatSafe.app */;
			productType = "com.apple.product-type.application";
		};
/* End PBXNativeTarget section */

/* Begin PBXProject section */
		D84AE44221B2F2DB00BE90E1 /* Project object */ = {
			isa = PBXProject;
			attributes = {
				LastSwiftUpdateCheck = 1010;
				LastUpgradeCheck = 1010;
				ORGANIZATIONNAME = "Edward Arenberg";
				TargetAttributes = {
					D84AE44921B2F2DB00BE90E1 = {
						CreatedOnToolsVersion = 10.1;
						LastSwiftMigration = 1010;
						SystemCapabilities = {
							com.apple.HealthKit = {
								enabled = 1;
							};
						};
					};
				};
			};
			buildConfigurationList = D84AE44521B2F2DB00BE90E1 /* Build configuration list for PBXProject "EatSafe" */;
			compatibilityVersion = "Xcode 9.3";
			developmentRegion = en;
			hasScannedForEncodings = 0;
			knownRegions = (
				en,
				Base,
			);
			mainGroup = D84AE44121B2F2DB00BE90E1;
			productRefGroup = D84AE44B21B2F2DB00BE90E1 /* Products */;
			projectDirPath = "";
			projectRoot = "";
			targets = (
				D84AE44921B2F2DB00BE90E1 /* EatSafe */,
			);
		};
/* End PBXProject section */

/* Begin PBXResourcesBuildPhase section */
		D84AE44821B2F2DB00BE90E1 /* Resources */ = {
			isa = PBXResourcesBuildPhase;
			buildActionMask = 2147483647;
			files = (
				D84AE45821B2F2DE00BE90E1 /* LaunchScreen.storyboard in Resources */,
				8C6C515021B399B500DCFF36 /* OCR_data in Resources */,
				8C6C518121B3A14A00DCFF36 /* tessdata in Resources */,
				D84AE45521B2F2DE00BE90E1 /* Assets.xcassets in Resources */,
				D84AE45321B2F2DB00BE90E1 /* Main.storyboard in Resources */,
			);
			runOnlyForDeploymentPostprocessing = 0;
		};
/* End PBXResourcesBuildPhase section */

/* Begin PBXShellScriptBuildPhase section */
		1EF2DF4B7D14B122D8DAE92D /* [CP] Embed Pods Frameworks */ = {
			isa = PBXShellScriptBuildPhase;
			buildActionMask = 2147483647;
			files = (
			);
			inputPaths = (
				"${SRCROOT}/Pods/Target Support Files/Pods-EatSafe/Pods-EatSafe-frameworks.sh",
				"${BUILT_PRODUCTS_DIR}/CameraManager/CameraManager.framework",
				"${BUILT_PRODUCTS_DIR}/GPUImage/GPUImage.framework",
				"${BUILT_PRODUCTS_DIR}/TesseractOCRSDKiOS/TesseractOCRSDKiOS.framework",
			);
			name = "[CP] Embed Pods Frameworks";
			outputPaths = (
				"${TARGET_BUILD_DIR}/${FRAMEWORKS_FOLDER_PATH}/CameraManager.framework",
				"${TARGET_BUILD_DIR}/${FRAMEWORKS_FOLDER_PATH}/GPUImage.framework",
				"${TARGET_BUILD_DIR}/${FRAMEWORKS_FOLDER_PATH}/TesseractOCRSDKiOS.framework",
			);
			runOnlyForDeploymentPostprocessing = 0;
			shellPath = /bin/sh;
			shellScript = "\"${SRCROOT}/Pods/Target Support Files/Pods-EatSafe/Pods-EatSafe-frameworks.sh\"\n";
			showEnvVarsInLog = 0;
		};
		D67267D36610F403AC1B0947 /* [CP] Check Pods Manifest.lock */ = {
			isa = PBXShellScriptBuildPhase;
			buildActionMask = 2147483647;
			files = (
			);
			inputPaths = (
				"${PODS_PODFILE_DIR_PATH}/Podfile.lock",
				"${PODS_ROOT}/Manifest.lock",
			);
			name = "[CP] Check Pods Manifest.lock";
			outputPaths = (
				"$(DERIVED_FILE_DIR)/Pods-EatSafe-checkManifestLockResult.txt",
			);
			runOnlyForDeploymentPostprocessing = 0;
			shellPath = /bin/sh;
			shellScript = "diff \"${PODS_PODFILE_DIR_PATH}/Podfile.lock\" \"${PODS_ROOT}/Manifest.lock\" > /dev/null\nif [ $? != 0 ] ; then\n    # print error to STDERR\n    echo \"error: The sandbox is not in sync with the Podfile.lock. Run 'pod install' or update your CocoaPods installation.\" >&2\n    exit 1\nfi\n# This output is used by Xcode 'outputs' to avoid re-running this script phase.\necho \"SUCCESS\" > \"${SCRIPT_OUTPUT_FILE_0}\"\n";
			showEnvVarsInLog = 0;
		};
/* End PBXShellScriptBuildPhase section */

/* Begin PBXSourcesBuildPhase section */
		D84AE44621B2F2DB00BE90E1 /* Sources */ = {
			isa = PBXSourcesBuildPhase;
			buildActionMask = 2147483647;
			files = (
				D8EFD2C021B36D85006279B7 /* OCR.swift in Sources */,
				D84AE45021B2F2DB00BE90E1 /* ViewController.swift in Sources */,
				8C6C518621B3C76200DCFF36 /* OpenCVWrapper.mm in Sources */,
				D84AE44E21B2F2DB00BE90E1 /* AppDelegate.swift in Sources */,
			);
			runOnlyForDeploymentPostprocessing = 0;
		};
/* End PBXSourcesBuildPhase section */

/* Begin PBXVariantGroup section */
		D84AE45121B2F2DB00BE90E1 /* Main.storyboard */ = {
			isa = PBXVariantGroup;
			children = (
				D84AE45221B2F2DB00BE90E1 /* Base */,
			);
			name = Main.storyboard;
			sourceTree = "<group>";
		};
		D84AE45621B2F2DE00BE90E1 /* LaunchScreen.storyboard */ = {
			isa = PBXVariantGroup;
			children = (
				D84AE45721B2F2DE00BE90E1 /* Base */,
			);
			name = LaunchScreen.storyboard;
			sourceTree = "<group>";
		};
/* End PBXVariantGroup section */

/* Begin XCBuildConfiguration section */
		D84AE45A21B2F2DE00BE90E1 /* Debug */ = {
			isa = XCBuildConfiguration;
			buildSettings = {
				ALWAYS_SEARCH_USER_PATHS = NO;
				CLANG_ANALYZER_NONNULL = YES;
				CLANG_ANALYZER_NUMBER_OBJECT_CONVERSION = YES_AGGRESSIVE;
				CLANG_CXX_LANGUAGE_STANDARD = "gnu++14";
				CLANG_CXX_LIBRARY = "libc++";
				CLANG_ENABLE_MODULES = YES;
				CLANG_ENABLE_OBJC_ARC = YES;
				CLANG_ENABLE_OBJC_WEAK = YES;
				CLANG_WARN_BLOCK_CAPTURE_AUTORELEASING = YES;
				CLANG_WARN_BOOL_CONVERSION = YES;
				CLANG_WARN_COMMA = YES;
				CLANG_WARN_CONSTANT_CONVERSION = YES;
				CLANG_WARN_DEPRECATED_OBJC_IMPLEMENTATIONS = YES;
				CLANG_WARN_DIRECT_OBJC_ISA_USAGE = YES_ERROR;
				CLANG_WARN_DOCUMENTATION_COMMENTS = YES;
				CLANG_WARN_EMPTY_BODY = YES;
				CLANG_WARN_ENUM_CONVERSION = YES;
				CLANG_WARN_INFINITE_RECURSION = YES;
				CLANG_WARN_INT_CONVERSION = YES;
				CLANG_WARN_NON_LITERAL_NULL_CONVERSION = YES;
				CLANG_WARN_OBJC_IMPLICIT_RETAIN_SELF = YES;
				CLANG_WARN_OBJC_LITERAL_CONVERSION = YES;
				CLANG_WARN_OBJC_ROOT_CLASS = YES_ERROR;
				CLANG_WARN_RANGE_LOOP_ANALYSIS = YES;
				CLANG_WARN_STRICT_PROTOTYPES = YES;
				CLANG_WARN_SUSPICIOUS_MOVE = YES;
				CLANG_WARN_UNGUARDED_AVAILABILITY = YES_AGGRESSIVE;
				CLANG_WARN_UNREACHABLE_CODE = YES;
				CLANG_WARN__DUPLICATE_METHOD_MATCH = YES;
				CODE_SIGN_IDENTITY = "iPhone Developer";
				COPY_PHASE_STRIP = NO;
				DEBUG_INFORMATION_FORMAT = dwarf;
				ENABLE_STRICT_OBJC_MSGSEND = YES;
				ENABLE_TESTABILITY = YES;
				GCC_C_LANGUAGE_STANDARD = gnu11;
				GCC_DYNAMIC_NO_PIC = NO;
				GCC_NO_COMMON_BLOCKS = YES;
				GCC_OPTIMIZATION_LEVEL = 0;
				GCC_PREPROCESSOR_DEFINITIONS = (
					"DEBUG=1",
					"$(inherited)",
				);
				GCC_WARN_64_TO_32_BIT_CONVERSION = YES;
				GCC_WARN_ABOUT_RETURN_TYPE = YES_ERROR;
				GCC_WARN_UNDECLARED_SELECTOR = YES;
				GCC_WARN_UNINITIALIZED_AUTOS = YES_AGGRESSIVE;
				GCC_WARN_UNUSED_FUNCTION = YES;
				GCC_WARN_UNUSED_VARIABLE = YES;
				IPHONEOS_DEPLOYMENT_TARGET = 12.1;
				MTL_ENABLE_DEBUG_INFO = INCLUDE_SOURCE;
				MTL_FAST_MATH = YES;
				ONLY_ACTIVE_ARCH = YES;
				SDKROOT = iphoneos;
				SWIFT_ACTIVE_COMPILATION_CONDITIONS = DEBUG;
				SWIFT_OPTIMIZATION_LEVEL = "-Onone";
			};
			name = Debug;
		};
		D84AE45B21B2F2DE00BE90E1 /* Release */ = {
			isa = XCBuildConfiguration;
			buildSettings = {
				ALWAYS_SEARCH_USER_PATHS = NO;
				CLANG_ANALYZER_NONNULL = YES;
				CLANG_ANALYZER_NUMBER_OBJECT_CONVERSION = YES_AGGRESSIVE;
				CLANG_CXX_LANGUAGE_STANDARD = "gnu++14";
				CLANG_CXX_LIBRARY = "libc++";
				CLANG_ENABLE_MODULES = YES;
				CLANG_ENABLE_OBJC_ARC = YES;
				CLANG_ENABLE_OBJC_WEAK = YES;
				CLANG_WARN_BLOCK_CAPTURE_AUTORELEASING = YES;
				CLANG_WARN_BOOL_CONVERSION = YES;
				CLANG_WARN_COMMA = YES;
				CLANG_WARN_CONSTANT_CONVERSION = YES;
				CLANG_WARN_DEPRECATED_OBJC_IMPLEMENTATIONS = YES;
				CLANG_WARN_DIRECT_OBJC_ISA_USAGE = YES_ERROR;
				CLANG_WARN_DOCUMENTATION_COMMENTS = YES;
				CLANG_WARN_EMPTY_BODY = YES;
				CLANG_WARN_ENUM_CONVERSION = YES;
				CLANG_WARN_INFINITE_RECURSION = YES;
				CLANG_WARN_INT_CONVERSION = YES;
				CLANG_WARN_NON_LITERAL_NULL_CONVERSION = YES;
				CLANG_WARN_OBJC_IMPLICIT_RETAIN_SELF = YES;
				CLANG_WARN_OBJC_LITERAL_CONVERSION = YES;
				CLANG_WARN_OBJC_ROOT_CLASS = YES_ERROR;
				CLANG_WARN_RANGE_LOOP_ANALYSIS = YES;
				CLANG_WARN_STRICT_PROTOTYPES = YES;
				CLANG_WARN_SUSPICIOUS_MOVE = YES;
				CLANG_WARN_UNGUARDED_AVAILABILITY = YES_AGGRESSIVE;
				CLANG_WARN_UNREACHABLE_CODE = YES;
				CLANG_WARN__DUPLICATE_METHOD_MATCH = YES;
				CODE_SIGN_IDENTITY = "iPhone Developer";
				COPY_PHASE_STRIP = NO;
				DEBUG_INFORMATION_FORMAT = "dwarf-with-dsym";
				ENABLE_NS_ASSERTIONS = NO;
				ENABLE_STRICT_OBJC_MSGSEND = YES;
				GCC_C_LANGUAGE_STANDARD = gnu11;
				GCC_NO_COMMON_BLOCKS = YES;
				GCC_WARN_64_TO_32_BIT_CONVERSION = YES;
				GCC_WARN_ABOUT_RETURN_TYPE = YES_ERROR;
				GCC_WARN_UNDECLARED_SELECTOR = YES;
				GCC_WARN_UNINITIALIZED_AUTOS = YES_AGGRESSIVE;
				GCC_WARN_UNUSED_FUNCTION = YES;
				GCC_WARN_UNUSED_VARIABLE = YES;
				IPHONEOS_DEPLOYMENT_TARGET = 12.1;
				MTL_ENABLE_DEBUG_INFO = NO;
				MTL_FAST_MATH = YES;
				SDKROOT = iphoneos;
				SWIFT_COMPILATION_MODE = wholemodule;
				SWIFT_OPTIMIZATION_LEVEL = "-O";
				VALIDATE_PRODUCT = YES;
			};
			name = Release;
		};
		D84AE45D21B2F2DE00BE90E1 /* Debug */ = {
			isa = XCBuildConfiguration;
			baseConfigurationReference = 65FAB44D160A1582930FDB2F /* Pods-EatSafe.debug.xcconfig */;
			buildSettings = {
				ASSETCATALOG_COMPILER_APPICON_NAME = AppIcon;
				CLANG_ENABLE_MODULES = YES;
				CODE_SIGN_ENTITLEMENTS = EatSafe/EatSafe.entitlements;
				CODE_SIGN_STYLE = Automatic;
				DEVELOPMENT_TEAM = 2BY2NMR4CA;
				INFOPLIST_FILE = EatSafe/Info.plist;
				IPHONEOS_DEPLOYMENT_TARGET = 11.4;
				LD_RUNPATH_SEARCH_PATHS = (
					"$(inherited)",
					"@executable_path/Frameworks",
				);
				PRODUCT_BUNDLE_IDENTIFIER = com.epage.EatSafe;
				PRODUCT_NAME = "$(TARGET_NAME)";
				SWIFT_OBJC_BRIDGING_HEADER = "Wrappers/EatSafe-Bridging-Header.h";
				SWIFT_OPTIMIZATION_LEVEL = "-Onone";
				SWIFT_VERSION = 4.2;
				TARGETED_DEVICE_FAMILY = 1;
			};
			name = Debug;
		};
		D84AE45E21B2F2DE00BE90E1 /* Release */ = {
			isa = XCBuildConfiguration;
			baseConfigurationReference = D4A7519702174CE48DFBB74C /* Pods-EatSafe.release.xcconfig */;
			buildSettings = {
				ASSETCATALOG_COMPILER_APPICON_NAME = AppIcon;
				CLANG_ENABLE_MODULES = YES;
				CODE_SIGN_ENTITLEMENTS = EatSafe/EatSafe.entitlements;
				CODE_SIGN_STYLE = Automatic;
				DEVELOPMENT_TEAM = 2BY2NMR4CA;
				INFOPLIST_FILE = EatSafe/Info.plist;
				IPHONEOS_DEPLOYMENT_TARGET = 11.4;
				LD_RUNPATH_SEARCH_PATHS = (
					"$(inherited)",
					"@executable_path/Frameworks",
				);
				PRODUCT_BUNDLE_IDENTIFIER = com.epage.EatSafe;
				PRODUCT_NAME = "$(TARGET_NAME)";
				SWIFT_OBJC_BRIDGING_HEADER = "Wrappers/EatSafe-Bridging-Header.h";
				SWIFT_VERSION = 4.2;
				TARGETED_DEVICE_FAMILY = 1;
			};
			name = Release;
		};
/* End XCBuildConfiguration section */

/* Begin XCConfigurationList section */
		D84AE44521B2F2DB00BE90E1 /* Build configuration list for PBXProject "EatSafe" */ = {
			isa = XCConfigurationList;
			buildConfigurations = (
				D84AE45A21B2F2DE00BE90E1 /* Debug */,
				D84AE45B21B2F2DE00BE90E1 /* Release */,
			);
			defaultConfigurationIsVisible = 0;
			defaultConfigurationName = Release;
		};
		D84AE45C21B2F2DE00BE90E1 /* Build configuration list for PBXNativeTarget "EatSafe" */ = {
			isa = XCConfigurationList;
			buildConfigurations = (
				D84AE45D21B2F2DE00BE90E1 /* Debug */,
				D84AE45E21B2F2DE00BE90E1 /* Release */,
			);
			defaultConfigurationIsVisible = 0;
			defaultConfigurationName = Release;
		};
/* End XCConfigurationList section */
	};
	rootObject = D84AE44221B2F2DB00BE90E1 /* Project object */;
}
